PODS:
  - IBMSwiftCircuitBreaker (5.0.1):
    - LoggerAPI (~> 1.7)
  - KituraContracts (1.1.2):
    - LoggerAPI (~> 1.7)
  - KituraKit (0.0.23):
    - KituraContracts (~> 1.1)
    - SwiftyRequest (~> 2.0)
  - LoggerAPI (1.9.0):
    - Logging (~> 1.1)
  - Logging (1.1.0)
  - Starscream (3.1.0)
  - SwiftyRequest (2.0.6):
    - IBMSwiftCircuitBreaker (~> 5.0)
    - LoggerAPI (~> 1.7)

DEPENDENCIES:
  - KituraKit
  - Starscream

SPEC REPOS:
  https://github.com/cocoapods/specs.git:
    - IBMSwiftCircuitBreaker
    - KituraContracts
    - KituraKit
    - LoggerAPI
    - Logging
    - Starscream
    - SwiftyRequest

SPEC CHECKSUMS:
  IBMSwiftCircuitBreaker: d85929ca34eeec50bf84760fc07348111d6f4010
  KituraContracts: fdb9576d40d1ac737765128158bfd412705b1c3b
  KituraKit: 6ba9557461bc3a287352f0987c7ce8340242fc2e
  LoggerAPI: fb78461eedac5316b290f2404d88b9d614d96c57
  Logging: 0f0b5d7d124fab770fde88cf942cb57a63804236
  Starscream: 08172b481e145289c4930cb567230fb55897cfa4
  SwiftyRequest: 64cd713bf59151e19c4c5ff59edc35bb4e4dac04

PODFILE CHECKSUM: 6859507ea57428f10a2853883481a2a9e71d4d81

COCOAPODS: 1.7.4
