// !$*UTF8*$!
{
	archiveVersion = 1;
	classes = {
	};
	objectVersion = 50;
	objects = {

/* Begin PBXBuildFile section */
		3F8A0EE231A4DE7DCB3FB16F /* Pods_AThirdTests.framework in Frameworks */ = {isa = PBXBuildFile; fileRef = 646E6BB5E6FA29ACD7AE3937 /* Pods_AThirdTests.framework */; };
		D32CD8B1224743E7008B4CCA /* AppDelegate.swift in Sources */ = {isa = PBXBuildFile; fileRef = D32CD8B0224743E7008B4CCA /* AppDelegate.swift */; };
		D32CD8B3224743E7008B4CCA /* ViewController.swift in Sources */ = {isa = PBXBuildFile; fileRef = D32CD8B2224743E7008B4CCA /* ViewController.swift */; };
		D32CD8B6224743E7008B4CCA /* Main.storyboard in Resources */ = {isa = PBXBuildFile; fileRef = D32CD8B4224743E7008B4CCA /* Main.storyboard */; };
		D32CD8B8224743E9008B4CCA /* Assets.xcassets in Resources */ = {isa = PBXBuildFile; fileRef = D32CD8B7224743E9008B4CCA /* Assets.xcassets */; };
		D32CD8BB224743E9008B4CCA /* LaunchScreen.storyboard in Resources */ = {isa = PBXBuildFile; fileRef = D32CD8B9224743E9008B4CCA /* LaunchScreen.storyboard */; };
		D32CD8C6224743E9008B4CCA /* AThirdTests.swift in Sources */ = {isa = PBXBuildFile; fileRef = D32CD8C5224743E9008B4CCA /* AThirdTests.swift */; };
		D32CD8D1224743E9008B4CCA /* AThirdUITests.swift in Sources */ = {isa = PBXBuildFile; fileRef = D32CD8D0224743E9008B4CCA /* AThirdUITests.swift */; };
		D371F11F2248CC7C007B036D /* GameManager.swift in Sources */ = {isa = PBXBuildFile; fileRef = D371F11E2248CC7C007B036D /* GameManager.swift */; };
		D371F1212248CCBA007B036D /* User.swift in Sources */ = {isa = PBXBuildFile; fileRef = D371F1202248CCBA007B036D /* User.swift */; };
		D371F1232248DCAC007B036D /* BattleViewController.swift in Sources */ = {isa = PBXBuildFile; fileRef = D371F1222248DCAC007B036D /* BattleViewController.swift */; };
		D74C96EAC3C6D010D613E685 /* Pods_AThird.framework in Frameworks */ = {isa = PBXBuildFile; fileRef = 2909762E246505EA562292CE /* Pods_AThird.framework */; };
		E7D95825E9419927362AD171 /* Pods_AThirdUITests.framework in Frameworks */ = {isa = PBXBuildFile; fileRef = 166229A644E0ED58863AC83D /* Pods_AThirdUITests.framework */; };
/* End PBXBuildFile section */

/* Begin PBXContainerItemProxy section */
		D32CD8C2224743E9008B4CCA /* PBXContainerItemProxy */ = {
			isa = PBXContainerItemProxy;
			containerPortal = D32CD8A5224743E7008B4CCA /* Project object */;
			proxyType = 1;
			remoteGlobalIDString = D32CD8AC224743E7008B4CCA;
			remoteInfo = AThird;
		};
		D32CD8CD224743E9008B4CCA /* PBXContainerItemProxy */ = {
			isa = PBXContainerItemProxy;
			containerPortal = D32CD8A5224743E7008B4CCA /* Project object */;
			proxyType = 1;
			remoteGlobalIDString = D32CD8AC224743E7008B4CCA;
			remoteInfo = AThird;
		};
/* End PBXContainerItemProxy section */

/* Begin PBXFileReference section */
		166229A644E0ED58863AC83D /* Pods_AThirdUITests.framework */ = {isa = PBXFileReference; explicitFileType = wrapper.framework; includeInIndex = 0; path = Pods_AThirdUITests.framework; sourceTree = BUILT_PRODUCTS_DIR; };
		1C1785CD2BB2A1F6B66C733E /* Pods-AThird.debug.xcconfig */ = {isa = PBXFileReference; includeInIndex = 1; lastKnownFileType = text.xcconfig; name = "Pods-AThird.debug.xcconfig"; path = "Target Support Files/Pods-AThird/Pods-AThird.debug.xcconfig"; sourceTree = "<group>"; };
		2909762E246505EA562292CE /* Pods_AThird.framework */ = {isa = PBXFileReference; explicitFileType = wrapper.framework; includeInIndex = 0; path = Pods_AThird.framework; sourceTree = BUILT_PRODUCTS_DIR; };
		5E134B21DEC3D376CE429143 /* Pods-AThirdUITests.debug.xcconfig */ = {isa = PBXFileReference; includeInIndex = 1; lastKnownFileType = text.xcconfig; name = "Pods-AThirdUITests.debug.xcconfig"; path = "Target Support Files/Pods-AThirdUITests/Pods-AThirdUITests.debug.xcconfig"; sourceTree = "<group>"; };
		646E6BB5E6FA29ACD7AE3937 /* Pods_AThirdTests.framework */ = {isa = PBXFileReference; explicitFileType = wrapper.framework; includeInIndex = 0; path = Pods_AThirdTests.framework; sourceTree = BUILT_PRODUCTS_DIR; };
		D32CD8AD224743E7008B4CCA /* AThird.app */ = {isa = PBXFileReference; explicitFileType = wrapper.application; includeInIndex = 0; path = AThird.app; sourceTree = BUILT_PRODUCTS_DIR; };
		D32CD8B0224743E7008B4CCA /* AppDelegate.swift */ = {isa = PBXFileReference; lastKnownFileType = sourcecode.swift; path = AppDelegate.swift; sourceTree = "<group>"; };
		D32CD8B2224743E7008B4CCA /* ViewController.swift */ = {isa = PBXFileReference; lastKnownFileType = sourcecode.swift; path = ViewController.swift; sourceTree = "<group>"; };
		D32CD8B5224743E7008B4CCA /* Base */ = {isa = PBXFileReference; lastKnownFileType = file.storyboard; name = Base; path = Base.lproj/Main.storyboard; sourceTree = "<group>"; };
		D32CD8B7224743E9008B4CCA /* Assets.xcassets */ = {isa = PBXFileReference; lastKnownFileType = folder.assetcatalog; path = Assets.xcassets; sourceTree = "<group>"; };
		D32CD8BA224743E9008B4CCA /* Base */ = {isa = PBXFileReference; lastKnownFileType = file.storyboard; name = Base; path = Base.lproj/LaunchScreen.storyboard; sourceTree = "<group>"; };
		D32CD8BC224743E9008B4CCA /* Info.plist */ = {isa = PBXFileReference; lastKnownFileType = text.plist.xml; path = Info.plist; sourceTree = "<group>"; };
		D32CD8C1224743E9008B4CCA /* AThirdTests.xctest */ = {isa = PBXFileReference; explicitFileType = wrapper.cfbundle; includeInIndex = 0; path = AThirdTests.xctest; sourceTree = BUILT_PRODUCTS_DIR; };
		D32CD8C5224743E9008B4CCA /* AThirdTests.swift */ = {isa = PBXFileReference; lastKnownFileType = sourcecode.swift; path = AThirdTests.swift; sourceTree = "<group>"; };
		D32CD8C7224743E9008B4CCA /* Info.plist */ = {isa = PBXFileReference; lastKnownFileType = text.plist.xml; path = Info.plist; sourceTree = "<group>"; };
		D32CD8CC224743E9008B4CCA /* AThirdUITests.xctest */ = {isa = PBXFileReference; explicitFileType = wrapper.cfbundle; includeInIndex = 0; path = AThirdUITests.xctest; sourceTree = BUILT_PRODUCTS_DIR; };
		D32CD8D0224743E9008B4CCA /* AThirdUITests.swift */ = {isa = PBXFileReference; lastKnownFileType = sourcecode.swift; path = AThirdUITests.swift; sourceTree = "<group>"; };
		D32CD8D2224743E9008B4CCA /* Info.plist */ = {isa = PBXFileReference; lastKnownFileType = text.plist.xml; path = Info.plist; sourceTree = "<group>"; };
		D371F11E2248CC7C007B036D /* GameManager.swift */ = {isa = PBXFileReference; lastKnownFileType = sourcecode.swift; path = GameManager.swift; sourceTree = "<group>"; };
		D371F1202248CCBA007B036D /* User.swift */ = {isa = PBXFileReference; lastKnownFileType = sourcecode.swift; path = User.swift; sourceTree = "<group>"; };
		D371F1222248DCAC007B036D /* BattleViewController.swift */ = {isa = PBXFileReference; lastKnownFileType = sourcecode.swift; path = BattleViewController.swift; sourceTree = "<group>"; };
		D6796DB57DE9095BAD78D996 /* Pods-AThirdTests.debug.xcconfig */ = {isa = PBXFileReference; includeInIndex = 1; lastKnownFileType = text.xcconfig; name = "Pods-AThirdTests.debug.xcconfig"; path = "Target Support Files/Pods-AThirdTests/Pods-AThirdTests.debug.xcconfig"; sourceTree = "<group>"; };
		DF91D4C5324D39E478E629EA /* Pods-AThirdUITests.release.xcconfig */ = {isa = PBXFileReference; includeInIndex = 1; lastKnownFileType = text.xcconfig; name = "Pods-AThirdUITests.release.xcconfig"; path = "Target Support Files/Pods-AThirdUITests/Pods-AThirdUITests.release.xcconfig"; sourceTree = "<group>"; };
		E00C699E5D2207B30C984027 /* Pods-AThird.release.xcconfig */ = {isa = PBXFileReference; includeInIndex = 1; lastKnownFileType = text.xcconfig; name = "Pods-AThird.release.xcconfig"; path = "Target Support Files/Pods-AThird/Pods-AThird.release.xcconfig"; sourceTree = "<group>"; };
		F303234D0DAA7563B031944A /* Pods-AThirdTests.release.xcconfig */ = {isa = PBXFileReference; includeInIndex = 1; lastKnownFileType = text.xcconfig; name = "Pods-AThirdTests.release.xcconfig"; path = "Target Support Files/Pods-AThirdTests/Pods-AThirdTests.release.xcconfig"; sourceTree = "<group>"; };
/* End PBXFileReference section */

/* Begin PBXFrameworksBuildPhase section */
		D32CD8AA224743E7008B4CCA /* Frameworks */ = {
			isa = PBXFrameworksBuildPhase;
			buildActionMask = 2147483647;
			files = (
				D74C96EAC3C6D010D613E685 /* Pods_AThird.framework in Frameworks */,
			);
			runOnlyForDeploymentPostprocessing = 0;
		};
		D32CD8BE224743E9008B4CCA /* Frameworks */ = {
			isa = PBXFrameworksBuildPhase;
			buildActionMask = 2147483647;
			files = (
				3F8A0EE231A4DE7DCB3FB16F /* Pods_AThirdTests.framework in Frameworks */,
			);
			runOnlyForDeploymentPostprocessing = 0;
		};
		D32CD8C9224743E9008B4CCA /* Frameworks */ = {
			isa = PBXFrameworksBuildPhase;
			buildActionMask = 2147483647;
			files = (
				E7D95825E9419927362AD171 /* Pods_AThirdUITests.framework in Frameworks */,
			);
			runOnlyForDeploymentPostprocessing = 0;
		};
/* End PBXFrameworksBuildPhase section */

/* Begin PBXGroup section */
		3AB5007B3E3F4F898ABD611D /* Pods */ = {
			isa = PBXGroup;
			children = (
				1C1785CD2BB2A1F6B66C733E /* Pods-AThird.debug.xcconfig */,
				E00C699E5D2207B30C984027 /* Pods-AThird.release.xcconfig */,
				D6796DB57DE9095BAD78D996 /* Pods-AThirdTests.debug.xcconfig */,
				F303234D0DAA7563B031944A /* Pods-AThirdTests.release.xcconfig */,
				5E134B21DEC3D376CE429143 /* Pods-AThirdUITests.debug.xcconfig */,
				DF91D4C5324D39E478E629EA /* Pods-AThirdUITests.release.xcconfig */,
			);
			path = Pods;
			sourceTree = "<group>";
		};
		BE40D9F2DAE68B95FE55F328 /* Frameworks */ = {
			isa = PBXGroup;
			children = (
				2909762E246505EA562292CE /* Pods_AThird.framework */,
				646E6BB5E6FA29ACD7AE3937 /* Pods_AThirdTests.framework */,
				166229A644E0ED58863AC83D /* Pods_AThirdUITests.framework */,
			);
			name = Frameworks;
			sourceTree = "<group>";
		};
		D32CD8A4224743E7008B4CCA = {
			isa = PBXGroup;
			children = (
				D32CD8AF224743E7008B4CCA /* AThird */,
				D32CD8C4224743E9008B4CCA /* AThirdTests */,
				D32CD8CF224743E9008B4CCA /* AThirdUITests */,
				D32CD8AE224743E7008B4CCA /* Products */,
				3AB5007B3E3F4F898ABD611D /* Pods */,
				BE40D9F2DAE68B95FE55F328 /* Frameworks */,
			);
			sourceTree = "<group>";
		};
		D32CD8AE224743E7008B4CCA /* Products */ = {
			isa = PBXGroup;
			children = (
				D32CD8AD224743E7008B4CCA /* AThird.app */,
				D32CD8C1224743E9008B4CCA /* AThirdTests.xctest */,
				D32CD8CC224743E9008B4CCA /* AThirdUITests.xctest */,
			);
			name = Products;
			sourceTree = "<group>";
		};
		D32CD8AF224743E7008B4CCA /* AThird */ = {
			isa = PBXGroup;
			children = (
				D32CD8BC224743E9008B4CCA /* Info.plist */,
				D32CD8B0224743E7008B4CCA /* AppDelegate.swift */,
				D371F1222248DCAC007B036D /* BattleViewController.swift */,
				D371F11E2248CC7C007B036D /* GameManager.swift */,
				D371F1202248CCBA007B036D /* User.swift */,
				D32CD8B2224743E7008B4CCA /* ViewController.swift */,
				D32CD8B7224743E9008B4CCA /* Assets.xcassets */,
				D32CD8B9224743E9008B4CCA /* LaunchScreen.storyboard */,
				D32CD8B4224743E7008B4CCA /* Main.storyboard */,
			);
			path = AThird;
			sourceTree = "<group>";
		};
		D32CD8C4224743E9008B4CCA /* AThirdTests */ = {
			isa = PBXGroup;
			children = (
				D32CD8C5224743E9008B4CCA /* AThirdTests.swift */,
				D32CD8C7224743E9008B4CCA /* Info.plist */,
			);
			path = AThirdTests;
			sourceTree = "<group>";
		};
		D32CD8CF224743E9008B4CCA /* AThirdUITests */ = {
			isa = PBXGroup;
			children = (
				D32CD8D0224743E9008B4CCA /* AThirdUITests.swift */,
				D32CD8D2224743E9008B4CCA /* Info.plist */,
			);
			path = AThirdUITests;
			sourceTree = "<group>";
		};
/* End PBXGroup section */

/* Begin PBXNativeTarget section */
		D32CD8AC224743E7008B4CCA /* AThird */ = {
			isa = PBXNativeTarget;
			buildConfigurationList = D32CD8D5224743E9008B4CCA /* Build configuration list for PBXNativeTarget "AThird" */;
			buildPhases = (
				7970CDAF538CAAE72ABCFF31 /* [CP] Check Pods Manifest.lock */,
				D32CD8A9224743E7008B4CCA /* Sources */,
				D32CD8AA224743E7008B4CCA /* Frameworks */,
				D32CD8AB224743E7008B4CCA /* Resources */,
				6DB336639F2FCBB4D9CE4FE9 /* [CP] Embed Pods Frameworks */,
			);
			buildRules = (
			);
			dependencies = (
			);
			name = AThird;
			productName = AThird;
			productReference = D32CD8AD224743E7008B4CCA /* AThird.app */;
			productType = "com.apple.product-type.application";
		};
		D32CD8C0224743E9008B4CCA /* AThirdTests */ = {
			isa = PBXNativeTarget;
			buildConfigurationList = D32CD8D8224743E9008B4CCA /* Build configuration list for PBXNativeTarget "AThirdTests" */;
			buildPhases = (
				DD7850B07CE0F1C47D14D7C2 /* [CP] Check Pods Manifest.lock */,
				D32CD8BD224743E9008B4CCA /* Sources */,
				D32CD8BE224743E9008B4CCA /* Frameworks */,
				D32CD8BF224743E9008B4CCA /* Resources */,
			);
			buildRules = (
			);
			dependencies = (
				D32CD8C3224743E9008B4CCA /* PBXTargetDependency */,
			);
			name = AThirdTests;
			productName = AThirdTests;
			productReference = D32CD8C1224743E9008B4CCA /* AThirdTests.xctest */;
			productType = "com.apple.product-type.bundle.unit-test";
		};
		D32CD8CB224743E9008B4CCA /* AThirdUITests */ = {
			isa = PBXNativeTarget;
			buildConfigurationList = D32CD8DB224743E9008B4CCA /* Build configuration list for PBXNativeTarget "AThirdUITests" */;
			buildPhases = (
				19F3BE5581C68796C0896732 /* [CP] Check Pods Manifest.lock */,
				D32CD8C8224743E9008B4CCA /* Sources */,
				D32CD8C9224743E9008B4CCA /* Frameworks */,
				D32CD8CA224743E9008B4CCA /* Resources */,
			);
			buildRules = (
			);
			dependencies = (
				D32CD8CE224743E9008B4CCA /* PBXTargetDependency */,
			);
			name = AThirdUITests;
			productName = AThirdUITests;
			productReference = D32CD8CC224743E9008B4CCA /* AThirdUITests.xctest */;
			productType = "com.apple.product-type.bundle.ui-testing";
		};
/* End PBXNativeTarget section */

/* Begin PBXProject section */
		D32CD8A5224743E7008B4CCA /* Project object */ = {
			isa = PBXProject;
			attributes = {
				LastSwiftUpdateCheck = 1010;
				LastUpgradeCheck = 1010;
				ORGANIZATIONNAME = "Fumiya Tanaka";
				TargetAttributes = {
					D32CD8AC224743E7008B4CCA = {
						CreatedOnToolsVersion = 10.1;
					};
					D32CD8C0224743E9008B4CCA = {
						CreatedOnToolsVersion = 10.1;
						TestTargetID = D32CD8AC224743E7008B4CCA;
					};
					D32CD8CB224743E9008B4CCA = {
						CreatedOnToolsVersion = 10.1;
						TestTargetID = D32CD8AC224743E7008B4CCA;
					};
				};
			};
			buildConfigurationList = D32CD8A8224743E7008B4CCA /* Build configuration list for PBXProject "AThird" */;
			compatibilityVersion = "Xcode 9.3";
			developmentRegion = en;
			hasScannedForEncodings = 0;
			knownRegions = (
				en,
				Base,
			);
			mainGroup = D32CD8A4224743E7008B4CCA;
			productRefGroup = D32CD8AE224743E7008B4CCA /* Products */;
			projectDirPath = "";
			projectRoot = "";
			targets = (
				D32CD8AC224743E7008B4CCA /* AThird */,
				D32CD8C0224743E9008B4CCA /* AThirdTests */,
				D32CD8CB224743E9008B4CCA /* AThirdUITests */,
			);
		};
/* End PBXProject section */

/* Begin PBXResourcesBuildPhase section */
		D32CD8AB224743E7008B4CCA /* Resources */ = {
			isa = PBXResourcesBuildPhase;
			buildActionMask = 2147483647;
			files = (
				D32CD8BB224743E9008B4CCA /* LaunchScreen.storyboard in Resources */,
				D32CD8B8224743E9008B4CCA /* Assets.xcassets in Resources */,
				D32CD8B6224743E7008B4CCA /* Main.storyboard in Resources */,
			);
			runOnlyForDeploymentPostprocessing = 0;
		};
		D32CD8BF224743E9008B4CCA /* Resources */ = {
			isa = PBXResourcesBuildPhase;
			buildActionMask = 2147483647;
			files = (
			);
			runOnlyForDeploymentPostprocessing = 0;
		};
		D32CD8CA224743E9008B4CCA /* Resources */ = {
			isa = PBXResourcesBuildPhase;
			buildActionMask = 2147483647;
			files = (
			);
			runOnlyForDeploymentPostprocessing = 0;
		};
/* End PBXResourcesBuildPhase section */

/* Begin PBXShellScriptBuildPhase section */
		19F3BE5581C68796C0896732 /* [CP] Check Pods Manifest.lock */ = {
			isa = PBXShellScriptBuildPhase;
			buildActionMask = 2147483647;
			files = (
			);
			inputFileListPaths = (
			);
			inputPaths = (
				"${PODS_PODFILE_DIR_PATH}/Podfile.lock",
				"${PODS_ROOT}/Manifest.lock",
			);
			name = "[CP] Check Pods Manifest.lock";
			outputFileListPaths = (
			);
			outputPaths = (
				"$(DERIVED_FILE_DIR)/Pods-AThirdUITests-checkManifestLockResult.txt",
			);
			runOnlyForDeploymentPostprocessing = 0;
			shellPath = /bin/sh;
			shellScript = "diff \"${PODS_PODFILE_DIR_PATH}/Podfile.lock\" \"${PODS_ROOT}/Manifest.lock\" > /dev/null\nif [ $? != 0 ] ; then\n    # print error to STDERR\n    echo \"error: The sandbox is not in sync with the Podfile.lock. Run 'pod install' or update your CocoaPods installation.\" >&2\n    exit 1\nfi\n# This output is used by Xcode 'outputs' to avoid re-running this script phase.\necho \"SUCCESS\" > \"${SCRIPT_OUTPUT_FILE_0}\"\n";
			showEnvVarsInLog = 0;
		};
		6DB336639F2FCBB4D9CE4FE9 /* [CP] Embed Pods Frameworks */ = {
			isa = PBXShellScriptBuildPhase;
			buildActionMask = 2147483647;
			files = (
			);
			inputFileListPaths = (
				"${PODS_ROOT}/Target Support Files/Pods-AThird/Pods-AThird-frameworks-${CONFIGURATION}-input-files.xcfilelist",
			);
			name = "[CP] Embed Pods Frameworks";
			outputFileListPaths = (
				"${PODS_ROOT}/Target Support Files/Pods-AThird/Pods-AThird-frameworks-${CONFIGURATION}-output-files.xcfilelist",
			);
			runOnlyForDeploymentPostprocessing = 0;
			shellPath = /bin/sh;
			shellScript = "\"${PODS_ROOT}/Target Support Files/Pods-AThird/Pods-AThird-frameworks.sh\"\n";
			showEnvVarsInLog = 0;
		};
		7970CDAF538CAAE72ABCFF31 /* [CP] Check Pods Manifest.lock */ = {
			isa = PBXShellScriptBuildPhase;
			buildActionMask = 2147483647;
			files = (
			);
			inputFileListPaths = (
			);
			inputPaths = (
				"${PODS_PODFILE_DIR_PATH}/Podfile.lock",
				"${PODS_ROOT}/Manifest.lock",
			);
			name = "[CP] Check Pods Manifest.lock";
			outputFileListPaths = (
			);
			outputPaths = (
				"$(DERIVED_FILE_DIR)/Pods-AThird-checkManifestLockResult.txt",
			);
			runOnlyForDeploymentPostprocessing = 0;
			shellPath = /bin/sh;
			shellScript = "diff \"${PODS_PODFILE_DIR_PATH}/Podfile.lock\" \"${PODS_ROOT}/Manifest.lock\" > /dev/null\nif [ $? != 0 ] ; then\n    # print error to STDERR\n    echo \"error: The sandbox is not in sync with the Podfile.lock. Run 'pod install' or update your CocoaPods installation.\" >&2\n    exit 1\nfi\n# This output is used by Xcode 'outputs' to avoid re-running this script phase.\necho \"SUCCESS\" > \"${SCRIPT_OUTPUT_FILE_0}\"\n";
			showEnvVarsInLog = 0;
		};
		DD7850B07CE0F1C47D14D7C2 /* [CP] Check Pods Manifest.lock */ = {
			isa = PBXShellScriptBuildPhase;
			buildActionMask = 2147483647;
			files = (
			);
			inputFileListPaths = (
			);
			inputPaths = (
				"${PODS_PODFILE_DIR_PATH}/Podfile.lock",
				"${PODS_ROOT}/Manifest.lock",
			);
			name = "[CP] Check Pods Manifest.lock";
			outputFileListPaths = (
			);
			outputPaths = (
				"$(DERIVED_FILE_DIR)/Pods-AThirdTests-checkManifestLockResult.txt",
			);
			runOnlyForDeploymentPostprocessing = 0;
			shellPath = /bin/sh;
			shellScript = "diff \"${PODS_PODFILE_DIR_PATH}/Podfile.lock\" \"${PODS_ROOT}/Manifest.lock\" > /dev/null\nif [ $? != 0 ] ; then\n    # print error to STDERR\n    echo \"error: The sandbox is not in sync with the Podfile.lock. Run 'pod install' or update your CocoaPods installation.\" >&2\n    exit 1\nfi\n# This output is used by Xcode 'outputs' to avoid re-running this script phase.\necho \"SUCCESS\" > \"${SCRIPT_OUTPUT_FILE_0}\"\n";
			showEnvVarsInLog = 0;
		};
/* End PBXShellScriptBuildPhase section */

/* Begin PBXSourcesBuildPhase section */
		D32CD8A9224743E7008B4CCA /* Sources */ = {
			isa = PBXSourcesBuildPhase;
			buildActionMask = 2147483647;
			files = (
				D32CD8B3224743E7008B4CCA /* ViewController.swift in Sources */,
				D371F11F2248CC7C007B036D /* GameManager.swift in Sources */,
				D371F1212248CCBA007B036D /* User.swift in Sources */,
				D32CD8B1224743E7008B4CCA /* AppDelegate.swift in Sources */,
				D371F1232248DCAC007B036D /* BattleViewController.swift in Sources */,
			);
			runOnlyForDeploymentPostprocessing = 0;
		};
		D32CD8BD224743E9008B4CCA /* Sources */ = {
			isa = PBXSourcesBuildPhase;
			buildActionMask = 2147483647;
			files = (
				D32CD8C6224743E9008B4CCA /* AThirdTests.swift in Sources */,
			);
			runOnlyForDeploymentPostprocessing = 0;
		};
		D32CD8C8224743E9008B4CCA /* Sources */ = {
			isa = PBXSourcesBuildPhase;
			buildActionMask = 2147483647;
			files = (
				D32CD8D1224743E9008B4CCA /* AThirdUITests.swift in Sources */,
			);
			runOnlyForDeploymentPostprocessing = 0;
		};
/* End PBXSourcesBuildPhase section */

/* Begin PBXTargetDependency section */
		D32CD8C3224743E9008B4CCA /* PBXTargetDependency */ = {
			isa = PBXTargetDependency;
			target = D32CD8AC224743E7008B4CCA /* AThird */;
			targetProxy = D32CD8C2224743E9008B4CCA /* PBXContainerItemProxy */;
		};
		D32CD8CE224743E9008B4CCA /* PBXTargetDependency */ = {
			isa = PBXTargetDependency;
			target = D32CD8AC224743E7008B4CCA /* AThird */;
			targetProxy = D32CD8CD224743E9008B4CCA /* PBXContainerItemProxy */;
		};
/* End PBXTargetDependency section */

/* Begin PBXVariantGroup section */
		D32CD8B4224743E7008B4CCA /* Main.storyboard */ = {
			isa = PBXVariantGroup;
			children = (
				D32CD8B5224743E7008B4CCA /* Base */,
			);
			name = Main.storyboard;
			sourceTree = "<group>";
		};
		D32CD8B9224743E9008B4CCA /* LaunchScreen.storyboard */ = {
			isa = PBXVariantGroup;
			children = (
				D32CD8BA224743E9008B4CCA /* Base */,
			);
			name = LaunchScreen.storyboard;
			sourceTree = "<group>";
		};
/* End PBXVariantGroup section */

/* Begin XCBuildConfiguration section */
		D32CD8D3224743E9008B4CCA /* Debug */ = {
			isa = XCBuildConfiguration;
			buildSettings = {
				ALWAYS_SEARCH_USER_PATHS = NO;
				CLANG_ANALYZER_NONNULL = YES;
				CLANG_ANALYZER_NUMBER_OBJECT_CONVERSION = YES_AGGRESSIVE;
				CLANG_CXX_LANGUAGE_STANDARD = "gnu++14";
				CLANG_CXX_LIBRARY = "libc++";
				CLANG_ENABLE_MODULES = YES;
				CLANG_ENABLE_OBJC_ARC = YES;
				CLANG_ENABLE_OBJC_WEAK = YES;
				CLANG_WARN_BLOCK_CAPTURE_AUTORELEASING = YES;
				CLANG_WARN_BOOL_CONVERSION = YES;
				CLANG_WARN_COMMA = YES;
				CLANG_WARN_CONSTANT_CONVERSION = YES;
				CLANG_WARN_DEPRECATED_OBJC_IMPLEMENTATIONS = YES;
				CLANG_WARN_DIRECT_OBJC_ISA_USAGE = YES_ERROR;
				CLANG_WARN_DOCUMENTATION_COMMENTS = YES;
				CLANG_WARN_EMPTY_BODY = YES;
				CLANG_WARN_ENUM_CONVERSION = YES;
				CLANG_WARN_INFINITE_RECURSION = YES;
				CLANG_WARN_INT_CONVERSION = YES;
				CLANG_WARN_NON_LITERAL_NULL_CONVERSION = YES;
				CLANG_WARN_OBJC_IMPLICIT_RETAIN_SELF = YES;
				CLANG_WARN_OBJC_LITERAL_CONVERSION = YES;
				CLANG_WARN_OBJC_ROOT_CLASS = YES_ERROR;
				CLANG_WARN_RANGE_LOOP_ANALYSIS = YES;
				CLANG_WARN_STRICT_PROTOTYPES = YES;
				CLANG_WARN_SUSPICIOUS_MOVE = YES;
				CLANG_WARN_UNGUARDED_AVAILABILITY = YES_AGGRESSIVE;
				CLANG_WARN_UNREACHABLE_CODE = YES;
				CLANG_WARN__DUPLICATE_METHOD_MATCH = YES;
				CODE_SIGN_IDENTITY = "iPhone Developer";
				COPY_PHASE_STRIP = NO;
				DEBUG_INFORMATION_FORMAT = dwarf;
				ENABLE_STRICT_OBJC_MSGSEND = YES;
				ENABLE_TESTABILITY = YES;
				GCC_C_LANGUAGE_STANDARD = gnu11;
				GCC_DYNAMIC_NO_PIC = NO;
				GCC_NO_COMMON_BLOCKS = YES;
				GCC_OPTIMIZATION_LEVEL = 0;
				GCC_PREPROCESSOR_DEFINITIONS = (
					"DEBUG=1",
					"$(inherited)",
				);
				GCC_WARN_64_TO_32_BIT_CONVERSION = YES;
				GCC_WARN_ABOUT_RETURN_TYPE = YES_ERROR;
				GCC_WARN_UNDECLARED_SELECTOR = YES;
				GCC_WARN_UNINITIALIZED_AUTOS = YES_AGGRESSIVE;
				GCC_WARN_UNUSED_FUNCTION = YES;
				GCC_WARN_UNUSED_VARIABLE = YES;
				IPHONEOS_DEPLOYMENT_TARGET = 12.1;
				MTL_ENABLE_DEBUG_INFO = INCLUDE_SOURCE;
				MTL_FAST_MATH = YES;
				ONLY_ACTIVE_ARCH = YES;
				SDKROOT = iphoneos;
				SWIFT_ACTIVE_COMPILATION_CONDITIONS = DEBUG;
				SWIFT_OPTIMIZATION_LEVEL = "-Onone";
			};
			name = Debug;
		};
		D32CD8D4224743E9008B4CCA /* Release */ = {
			isa = XCBuildConfiguration;
			buildSettings = {
				ALWAYS_SEARCH_USER_PATHS = NO;
				CLANG_ANALYZER_NONNULL = YES;
				CLANG_ANALYZER_NUMBER_OBJECT_CONVERSION = YES_AGGRESSIVE;
				CLANG_CXX_LANGUAGE_STANDARD = "gnu++14";
				CLANG_CXX_LIBRARY = "libc++";
				CLANG_ENABLE_MODULES = YES;
				CLANG_ENABLE_OBJC_ARC = YES;
				CLANG_ENABLE_OBJC_WEAK = YES;
				CLANG_WARN_BLOCK_CAPTURE_AUTORELEASING = YES;
				CLANG_WARN_BOOL_CONVERSION = YES;
				CLANG_WARN_COMMA = YES;
				CLANG_WARN_CONSTANT_CONVERSION = YES;
				CLANG_WARN_DEPRECATED_OBJC_IMPLEMENTATIONS = YES;
				CLANG_WARN_DIRECT_OBJC_ISA_USAGE = YES_ERROR;
				CLANG_WARN_DOCUMENTATION_COMMENTS = YES;
				CLANG_WARN_EMPTY_BODY = YES;
				CLANG_WARN_ENUM_CONVERSION = YES;
				CLANG_WARN_INFINITE_RECURSION = YES;
				CLANG_WARN_INT_CONVERSION = YES;
				CLANG_WARN_NON_LITERAL_NULL_CONVERSION = YES;
				CLANG_WARN_OBJC_IMPLICIT_RETAIN_SELF = YES;
				CLANG_WARN_OBJC_LITERAL_CONVERSION = YES;
				CLANG_WARN_OBJC_ROOT_CLASS = YES_ERROR;
				CLANG_WARN_RANGE_LOOP_ANALYSIS = YES;
				CLANG_WARN_STRICT_PROTOTYPES = YES;
				CLANG_WARN_SUSPICIOUS_MOVE = YES;
				CLANG_WARN_UNGUARDED_AVAILABILITY = YES_AGGRESSIVE;
				CLANG_WARN_UNREACHABLE_CODE = YES;
				CLANG_WARN__DUPLICATE_METHOD_MATCH = YES;
				CODE_SIGN_IDENTITY = "iPhone Developer";
				COPY_PHASE_STRIP = NO;
				DEBUG_INFORMATION_FORMAT = "dwarf-with-dsym";
				ENABLE_NS_ASSERTIONS = NO;
				ENABLE_STRICT_OBJC_MSGSEND = YES;
				GCC_C_LANGUAGE_STANDARD = gnu11;
				GCC_NO_COMMON_BLOCKS = YES;
				GCC_WARN_64_TO_32_BIT_CONVERSION = YES;
				GCC_WARN_ABOUT_RETURN_TYPE = YES_ERROR;
				GCC_WARN_UNDECLARED_SELECTOR = YES;
				GCC_WARN_UNINITIALIZED_AUTOS = YES_AGGRESSIVE;
				GCC_WARN_UNUSED_FUNCTION = YES;
				GCC_WARN_UNUSED_VARIABLE = YES;
				IPHONEOS_DEPLOYMENT_TARGET = 12.1;
				MTL_ENABLE_DEBUG_INFO = NO;
				MTL_FAST_MATH = YES;
				SDKROOT = iphoneos;
				SWIFT_COMPILATION_MODE = wholemodule;
				SWIFT_OPTIMIZATION_LEVEL = "-O";
				VALIDATE_PRODUCT = YES;
			};
			name = Release;
		};
		D32CD8D6224743E9008B4CCA /* Debug */ = {
			isa = XCBuildConfiguration;
			baseConfigurationReference = 1C1785CD2BB2A1F6B66C733E /* Pods-AThird.debug.xcconfig */;
			buildSettings = {
				ASSETCATALOG_COMPILER_APPICON_NAME = AppIcon;
				CODE_SIGN_STYLE = Automatic;
				DEVELOPMENT_TEAM = GH466Z9456;
				INFOPLIST_FILE = AThird/Info.plist;
				LD_RUNPATH_SEARCH_PATHS = (
					"$(inherited)",
					"@executable_path/Frameworks",
				);
				PRODUCT_BUNDLE_IDENTIFIER = Fumiya.AThird;
				PRODUCT_NAME = "$(TARGET_NAME)";
				SWIFT_VERSION = 4.2;
				TARGETED_DEVICE_FAMILY = "1,2";
			};
			name = Debug;
		};
		D32CD8D7224743E9008B4CCA /* Release */ = {
			isa = XCBuildConfiguration;
			baseConfigurationReference = E00C699E5D2207B30C984027 /* Pods-AThird.release.xcconfig */;
			buildSettings = {
				ASSETCATALOG_COMPILER_APPICON_NAME = AppIcon;
				CODE_SIGN_STYLE = Automatic;
				DEVELOPMENT_TEAM = GH466Z9456;
				INFOPLIST_FILE = AThird/Info.plist;
				LD_RUNPATH_SEARCH_PATHS = (
					"$(inherited)",
					"@executable_path/Frameworks",
				);
				PRODUCT_BUNDLE_IDENTIFIER = Fumiya.AThird;
				PRODUCT_NAME = "$(TARGET_NAME)";
				SWIFT_VERSION = 4.2;
				TARGETED_DEVICE_FAMILY = "1,2";
			};
			name = Release;
		};
		D32CD8D9224743E9008B4CCA /* Debug */ = {
			isa = XCBuildConfiguration;
			baseConfigurationReference = D6796DB57DE9095BAD78D996 /* Pods-AThirdTests.debug.xcconfig */;
			buildSettings = {
				ALWAYS_EMBED_SWIFT_STANDARD_LIBRARIES = YES;
				BUNDLE_LOADER = "$(TEST_HOST)";
				CODE_SIGN_STYLE = Automatic;
				DEVELOPMENT_TEAM = GH466Z9456;
				INFOPLIST_FILE = AThirdTests/Info.plist;
				LD_RUNPATH_SEARCH_PATHS = (
					"$(inherited)",
					"@executable_path/Frameworks",
					"@loader_path/Frameworks",
				);
				PRODUCT_BUNDLE_IDENTIFIER = Fumiya.AThirdTests;
				PRODUCT_NAME = "$(TARGET_NAME)";
				SWIFT_VERSION = 4.2;
				TARGETED_DEVICE_FAMILY = "1,2";
				TEST_HOST = "$(BUILT_PRODUCTS_DIR)/AThird.app/AThird";
			};
			name = Debug;
		};
		D32CD8DA224743E9008B4CCA /* Release */ = {
			isa = XCBuildConfiguration;
			baseConfigurationReference = F303234D0DAA7563B031944A /* Pods-AThirdTests.release.xcconfig */;
			buildSettings = {
				ALWAYS_EMBED_SWIFT_STANDARD_LIBRARIES = YES;
				BUNDLE_LOADER = "$(TEST_HOST)";
				CODE_SIGN_STYLE = Automatic;
				DEVELOPMENT_TEAM = GH466Z9456;
				INFOPLIST_FILE = AThirdTests/Info.plist;
				LD_RUNPATH_SEARCH_PATHS = (
					"$(inherited)",
					"@executable_path/Frameworks",
					"@loader_path/Frameworks",
				);
				PRODUCT_BUNDLE_IDENTIFIER = Fumiya.AThirdTests;
				PRODUCT_NAME = "$(TARGET_NAME)";
				SWIFT_VERSION = 4.2;
				TARGETED_DEVICE_FAMILY = "1,2";
				TEST_HOST = "$(BUILT_PRODUCTS_DIR)/AThird.app/AThird";
			};
			name = Release;
		};
		D32CD8DC224743E9008B4CCA /* Debug */ = {
			isa = XCBuildConfiguration;
			baseConfigurationReference = 5E134B21DEC3D376CE429143 /* Pods-AThirdUITests.debug.xcconfig */;
			buildSettings = {
				ALWAYS_EMBED_SWIFT_STANDARD_LIBRARIES = YES;
				CODE_SIGN_STYLE = Automatic;
				DEVELOPMENT_TEAM = GH466Z9456;
				INFOPLIST_FILE = AThirdUITests/Info.plist;
				LD_RUNPATH_SEARCH_PATHS = (
					"$(inherited)",
					"@executable_path/Frameworks",
					"@loader_path/Frameworks",
				);
				PRODUCT_BUNDLE_IDENTIFIER = Fumiya.AThirdUITests;
				PRODUCT_NAME = "$(TARGET_NAME)";
				SWIFT_VERSION = 4.2;
				TARGETED_DEVICE_FAMILY = "1,2";
				TEST_TARGET_NAME = AThird;
			};
			name = Debug;
		};
		D32CD8DD224743E9008B4CCA /* Release */ = {
			isa = XCBuildConfiguration;
			baseConfigurationReference = DF91D4C5324D39E478E629EA /* Pods-AThirdUITests.release.xcconfig */;
			buildSettings = {
				ALWAYS_EMBED_SWIFT_STANDARD_LIBRARIES = YES;
				CODE_SIGN_STYLE = Automatic;
				DEVELOPMENT_TEAM = GH466Z9456;
				INFOPLIST_FILE = AThirdUITests/Info.plist;
				LD_RUNPATH_SEARCH_PATHS = (
					"$(inherited)",
					"@executable_path/Frameworks",
					"@loader_path/Frameworks",
				);
				PRODUCT_BUNDLE_IDENTIFIER = Fumiya.AThirdUITests;
				PRODUCT_NAME = "$(TARGET_NAME)";
				SWIFT_VERSION = 4.2;
				TARGETED_DEVICE_FAMILY = "1,2";
				TEST_TARGET_NAME = AThird;
			};
			name = Release;
		};
/* End XCBuildConfiguration section */

/* Begin XCConfigurationList section */
		D32CD8A8224743E7008B4CCA /* Build configuration list for PBXProject "AThird" */ = {
			isa = XCConfigurationList;
			buildConfigurations = (
				D32CD8D3224743E9008B4CCA /* Debug */,
				D32CD8D4224743E9008B4CCA /* Release */,
			);
			defaultConfigurationIsVisible = 0;
			defaultConfigurationName = Release;
		};
		D32CD8D5224743E9008B4CCA /* Build configuration list for PBXNativeTarget "AThird" */ = {
			isa = XCConfigurationList;
			buildConfigurations = (
				D32CD8D6224743E9008B4CCA /* Debug */,
				D32CD8D7224743E9008B4CCA /* Release */,
			);
			defaultConfigurationIsVisible = 0;
			defaultConfigurationName = Release;
		};
		D32CD8D8224743E9008B4CCA /* Build configuration list for PBXNativeTarget "AThirdTests" */ = {
			isa = XCConfigurationList;
			buildConfigurations = (
				D32CD8D9224743E9008B4CCA /* Debug */,
				D32CD8DA224743E9008B4CCA /* Release */,
			);
			defaultConfigurationIsVisible = 0;
			defaultConfigurationName = Release;
		};
		D32CD8DB224743E9008B4CCA /* Build configuration list for PBXNativeTarget "AThirdUITests" */ = {
			isa = XCConfigurationList;
			buildConfigurations = (
				D32CD8DC224743E9008B4CCA /* Debug */,
				D32CD8DD224743E9008B4CCA /* Release */,
			);
			defaultConfigurationIsVisible = 0;
			defaultConfigurationName = Release;
		};
/* End XCConfigurationList section */
	};
	rootObject = D32CD8A5224743E7008B4CCA /* Project object */;
}
